// !$*UTF8*$!
{
	archiveVersion = 1;
	classes = {
	};
	objectVersion = 50;
	objects = {

/* Begin PBXBuildFile section */
		80262E8B209C4AC700BBC55C /* backgroundMusic.wav in Resources */ = {isa = PBXBuildFile; fileRef = 80262E8A209C4AC700BBC55C /* backgroundMusic.wav */; };
		80262E8D209C8D6100BBC55C /* colSound.wav in Resources */ = {isa = PBXBuildFile; fileRef = 80262E8C209C8D5F00BBC55C /* colSound.wav */; };
		80262E8F209C904300BBC55C /* theboldfont.ttf in Resources */ = {isa = PBXBuildFile; fileRef = 80262E8E209C904100BBC55C /* theboldfont.ttf */; };
		808A48D6209C612E00ABA2FF /* StartScene.swift in Sources */ = {isa = PBXBuildFile; fileRef = 808A48D5209C612E00ABA2FF /* StartScene.swift */; };
		808A48DB209C9B0300ABA2FF /* cell3.atlas in Resources */ = {isa = PBXBuildFile; fileRef = 808A48D7209C9B0200ABA2FF /* cell3.atlas */; };
		808A48DC209C9B0300ABA2FF /* cell1.atlas in Resources */ = {isa = PBXBuildFile; fileRef = 808A48D8209C9B0200ABA2FF /* cell1.atlas */; };
		808A48DD209C9B0300ABA2FF /* cell2.atlas in Resources */ = {isa = PBXBuildFile; fileRef = 808A48D9209C9B0200ABA2FF /* cell2.atlas */; };
		808A48DE209C9B0300ABA2FF /* player.atlas in Resources */ = {isa = PBXBuildFile; fileRef = 808A48DA209C9B0200ABA2FF /* player.atlas */; };
		808A48E0209CB73D00ABA2FF /* gameOver.wav in Resources */ = {isa = PBXBuildFile; fileRef = 808A48DF209CB73D00ABA2FF /* gameOver.wav */; };
		808A48E2209CB8BA00ABA2FF /* GameState.swift in Sources */ = {isa = PBXBuildFile; fileRef = 808A48E1209CB8BA00ABA2FF /* GameState.swift */; };
		8091603B209B7BC600784A25 /* AppDelegate.swift in Sources */ = {isa = PBXBuildFile; fileRef = 8091603A209B7BC600784A25 /* AppDelegate.swift */; };
		8091603D209B7BC600784A25 /* GameScene.sks in Resources */ = {isa = PBXBuildFile; fileRef = 8091603C209B7BC600784A25 /* GameScene.sks */; };
		80916041209B7BC600784A25 /* GameScene.swift in Sources */ = {isa = PBXBuildFile; fileRef = 80916040209B7BC600784A25 /* GameScene.swift */; };
		80916043209B7BC600784A25 /* GameViewController.swift in Sources */ = {isa = PBXBuildFile; fileRef = 80916042209B7BC600784A25 /* GameViewController.swift */; };
		80916046209B7BC600784A25 /* Main.storyboard in Resources */ = {isa = PBXBuildFile; fileRef = 80916044209B7BC600784A25 /* Main.storyboard */; };
		80916048209B7BC700784A25 /* Assets.xcassets in Resources */ = {isa = PBXBuildFile; fileRef = 80916047209B7BC700784A25 /* Assets.xcassets */; };
		8091604B209B7BC700784A25 /* LaunchScreen.storyboard in Resources */ = {isa = PBXBuildFile; fileRef = 80916049209B7BC700784A25 /* LaunchScreen.storyboard */; };
		80FCDB11209B4728000D1419 /* EndScene.swift in Sources */ = {isa = PBXBuildFile; fileRef = 80FCDB10209B4728000D1419 /* EndScene.swift */; };
/* End PBXBuildFile section */

/* Begin PBXFileReference section */
		80262E8A209C4AC700BBC55C /* backgroundMusic.wav */ = {isa = PBXFileReference; lastKnownFileType = audio.wav; path = backgroundMusic.wav; sourceTree = "<group>"; };
		80262E8C209C8D5F00BBC55C /* colSound.wav */ = {isa = PBXFileReference; lastKnownFileType = audio.wav; path = colSound.wav; sourceTree = "<group>"; };
		80262E8E209C904100BBC55C /* theboldfont.ttf */ = {isa = PBXFileReference; lastKnownFileType = file; path = theboldfont.ttf; sourceTree = "<group>"; };
		808A48D5209C612E00ABA2FF /* StartScene.swift */ = {isa = PBXFileReference; lastKnownFileType = sourcecode.swift; path = StartScene.swift; sourceTree = "<group>"; };
		808A48D7209C9B0200ABA2FF /* cell3.atlas */ = {isa = PBXFileReference; lastKnownFileType = folder.skatlas; path = cell3.atlas; sourceTree = "<group>"; };
		808A48D8209C9B0200ABA2FF /* cell1.atlas */ = {isa = PBXFileReference; lastKnownFileType = folder.skatlas; path = cell1.atlas; sourceTree = "<group>"; };
		808A48D9209C9B0200ABA2FF /* cell2.atlas */ = {isa = PBXFileReference; lastKnownFileType = folder.skatlas; path = cell2.atlas; sourceTree = "<group>"; };
		808A48DA209C9B0200ABA2FF /* player.atlas */ = {isa = PBXFileReference; lastKnownFileType = folder.skatlas; path = player.atlas; sourceTree = "<group>"; };
		808A48DF209CB73D00ABA2FF /* gameOver.wav */ = {isa = PBXFileReference; lastKnownFileType = audio.wav; path = gameOver.wav; sourceTree = "<group>"; };
		808A48E1209CB8BA00ABA2FF /* GameState.swift */ = {isa = PBXFileReference; lastKnownFileType = sourcecode.swift; path = GameState.swift; sourceTree = "<group>"; };
		80916037209B7BC600784A25 /* Cell Gen.app */ = {isa = PBXFileReference; explicitFileType = wrapper.application; includeInIndex = 0; path = "Cell Gen.app"; sourceTree = BUILT_PRODUCTS_DIR; };
		8091603A209B7BC600784A25 /* AppDelegate.swift */ = {isa = PBXFileReference; lastKnownFileType = sourcecode.swift; path = AppDelegate.swift; sourceTree = "<group>"; };
		8091603C209B7BC600784A25 /* GameScene.sks */ = {isa = PBXFileReference; lastKnownFileType = file.sks; path = GameScene.sks; sourceTree = "<group>"; };
		80916040209B7BC600784A25 /* GameScene.swift */ = {isa = PBXFileReference; lastKnownFileType = sourcecode.swift; path = GameScene.swift; sourceTree = "<group>"; };
		80916042209B7BC600784A25 /* GameViewController.swift */ = {isa = PBXFileReference; lastKnownFileType = sourcecode.swift; path = GameViewController.swift; sourceTree = "<group>"; };
		80916045209B7BC600784A25 /* Base */ = {isa = PBXFileReference; lastKnownFileType = file.storyboard; name = Base; path = Base.lproj/Main.storyboard; sourceTree = "<group>"; };
		80916047209B7BC700784A25 /* Assets.xcassets */ = {isa = PBXFileReference; lastKnownFileType = folder.assetcatalog; path = Assets.xcassets; sourceTree = "<group>"; };
		8091604A209B7BC700784A25 /* Base */ = {isa = PBXFileReference; lastKnownFileType = file.storyboard; name = Base; path = Base.lproj/LaunchScreen.storyboard; sourceTree = "<group>"; };
		8091604C209B7BC700784A25 /* Info.plist */ = {isa = PBXFileReference; lastKnownFileType = text.plist.xml; path = Info.plist; sourceTree = "<group>"; };
		80FCDB10209B4728000D1419 /* EndScene.swift */ = {isa = PBXFileReference; lastKnownFileType = sourcecode.swift; path = EndScene.swift; sourceTree = "<group>"; };
/* End PBXFileReference section */

/* Begin PBXFrameworksBuildPhase section */
		80916034209B7BC600784A25 /* Frameworks */ = {
			isa = PBXFrameworksBuildPhase;
			buildActionMask = 2147483647;
			files = (
			);
			runOnlyForDeploymentPostprocessing = 0;
		};
/* End PBXFrameworksBuildPhase section */

/* Begin PBXGroup section */
		8091602E209B7BC600784A25 = {
			isa = PBXGroup;
			children = (
				80916039209B7BC600784A25 /* Cell Gen */,
				80916038209B7BC600784A25 /* Products */,
			);
			sourceTree = "<group>";
		};
		80916038209B7BC600784A25 /* Products */ = {
			isa = PBXGroup;
			children = (
				80916037209B7BC600784A25 /* Cell Gen.app */,
			);
			name = Products;
			sourceTree = "<group>";
		};
		80916039209B7BC600784A25 /* Cell Gen */ = {
			isa = PBXGroup;
			children = (
				8091603A209B7BC600784A25 /* AppDelegate.swift */,
				8091603C209B7BC600784A25 /* GameScene.sks */,
				80916040209B7BC600784A25 /* GameScene.swift */,
				80262E8C209C8D5F00BBC55C /* colSound.wav */,
				808A48DF209CB73D00ABA2FF /* gameOver.wav */,
				80916042209B7BC600784A25 /* GameViewController.swift */,
				80916044209B7BC600784A25 /* Main.storyboard */,
				80262E8A209C4AC700BBC55C /* backgroundMusic.wav */,
				80262E8E209C904100BBC55C /* theboldfont.ttf */,
				80916047209B7BC700784A25 /* Assets.xcassets */,
				808A48D8209C9B0200ABA2FF /* cell1.atlas */,
				808A48D9209C9B0200ABA2FF /* cell2.atlas */,
				808A48D7209C9B0200ABA2FF /* cell3.atlas */,
				808A48DA209C9B0200ABA2FF /* player.atlas */,
				80916049209B7BC700784A25 /* LaunchScreen.storyboard */,
				8091604C209B7BC700784A25 /* Info.plist */,
				80FCDB10209B4728000D1419 /* EndScene.swift */,
				808A48D5209C612E00ABA2FF /* StartScene.swift */,
				808A48E1209CB8BA00ABA2FF /* GameState.swift */,
			);
			path = "Cell Gen";
			sourceTree = "<group>";
		};
/* End PBXGroup section */

/* Begin PBXNativeTarget section */
		80916036209B7BC600784A25 /* Cell Gen */ = {
			isa = PBXNativeTarget;
			buildConfigurationList = 8091604F209B7BC700784A25 /* Build configuration list for PBXNativeTarget "Cell Gen" */;
			buildPhases = (
				80916033209B7BC600784A25 /* Sources */,
				80916034209B7BC600784A25 /* Frameworks */,
				80916035209B7BC600784A25 /* Resources */,
			);
			buildRules = (
			);
			dependencies = (
			);
			name = "Cell Gen";
			productName = "Cell Gen";
			productReference = 80916037209B7BC600784A25 /* Cell Gen.app */;
			productType = "com.apple.product-type.application";
		};
/* End PBXNativeTarget section */

/* Begin PBXProject section */
		8091602F209B7BC600784A25 /* Project object */ = {
			isa = PBXProject;
			attributes = {
				LastSwiftUpdateCheck = 0930;
				LastUpgradeCheck = 0930;
				ORGANIZATIONNAME = "prabhjot singh";
				TargetAttributes = {
					80916036209B7BC600784A25 = {
						CreatedOnToolsVersion = 9.3;
					};
				};
			};
			buildConfigurationList = 80916032209B7BC600784A25 /* Build configuration list for PBXProject "Cell Gen" */;
			compatibilityVersion = "Xcode 9.3";
			developmentRegion = en;
			hasScannedForEncodings = 0;
			knownRegions = (
				en,
				Base,
			);
			mainGroup = 8091602E209B7BC600784A25;
			productRefGroup = 80916038209B7BC600784A25 /* Products */;
			projectDirPath = "";
			projectRoot = "";
			targets = (
				80916036209B7BC600784A25 /* Cell Gen */,
			);
		};
/* End PBXProject section */

/* Begin PBXResourcesBuildPhase section */
		80916035209B7BC600784A25 /* Resources */ = {
			isa = PBXResourcesBuildPhase;
			buildActionMask = 2147483647;
			files = (
				80916046209B7BC600784A25 /* Main.storyboard in Resources */,
				808A48DB209C9B0300ABA2FF /* cell3.atlas in Resources */,
				808A48DD209C9B0300ABA2FF /* cell2.atlas in Resources */,
				80262E8B209C4AC700BBC55C /* backgroundMusic.wav in Resources */,
				8091603D209B7BC600784A25 /* GameScene.sks in Resources */,
				808A48DC209C9B0300ABA2FF /* cell1.atlas in Resources */,
				808A48E0209CB73D00ABA2FF /* gameOver.wav in Resources */,
				80916048209B7BC700784A25 /* Assets.xcassets in Resources */,
				808A48DE209C9B0300ABA2FF /* player.atlas in Resources */,
				8091604B209B7BC700784A25 /* LaunchScreen.storyboard in Resources */,
				80262E8D209C8D6100BBC55C /* colSound.wav in Resources */,
				80262E8F209C904300BBC55C /* theboldfont.ttf in Resources */,
			);
			runOnlyForDeploymentPostprocessing = 0;
		};
/* End PBXResourcesBuildPhase section */

/* Begin PBXSourcesBuildPhase section */
		80916033209B7BC600784A25 /* Sources */ = {
			isa = PBXSourcesBuildPhase;
			buildActionMask = 2147483647;
			files = (
				80916041209B7BC600784A25 /* GameScene.swift in Sources */,
				80916043209B7BC600784A25 /* GameViewController.swift in Sources */,
				80FCDB11209B4728000D1419 /* EndScene.swift in Sources */,
				808A48E2209CB8BA00ABA2FF /* GameState.swift in Sources */,
				808A48D6209C612E00ABA2FF /* StartScene.swift in Sources */,
				8091603B209B7BC600784A25 /* AppDelegate.swift in Sources */,
			);
			runOnlyForDeploymentPostprocessing = 0;
		};
/* End PBXSourcesBuildPhase section */

/* Begin PBXVariantGroup section */
		80916044209B7BC600784A25 /* Main.storyboard */ = {
			isa = PBXVariantGroup;
			children = (
				80916045209B7BC600784A25 /* Base */,
			);
			name = Main.storyboard;
			sourceTree = "<group>";
		};
		80916049209B7BC700784A25 /* LaunchScreen.storyboard */ = {
			isa = PBXVariantGroup;
			children = (
				8091604A209B7BC700784A25 /* Base */,
			);
			name = LaunchScreen.storyboard;
			sourceTree = "<group>";
		};
/* End PBXVariantGroup section */

/* Begin XCBuildConfiguration section */
		8091604D209B7BC700784A25 /* Debug */ = {
			isa = XCBuildConfiguration;
			buildSettings = {
				ALWAYS_SEARCH_USER_PATHS = NO;
				CLANG_ANALYZER_NONNULL = YES;
				CLANG_ANALYZER_NUMBER_OBJECT_CONVERSION = YES_AGGRESSIVE;
				CLANG_CXX_LANGUAGE_STANDARD = "gnu++14";
				CLANG_CXX_LIBRARY = "libc++";
				CLANG_ENABLE_MODULES = YES;
				CLANG_ENABLE_OBJC_ARC = YES;
				CLANG_ENABLE_OBJC_WEAK = YES;
				CLANG_WARN_BLOCK_CAPTURE_AUTORELEASING = YES;
				CLANG_WARN_BOOL_CONVERSION = YES;
				CLANG_WARN_COMMA = YES;
				CLANG_WARN_CONSTANT_CONVERSION = YES;
				CLANG_WARN_DEPRECATED_OBJC_IMPLEMENTATIONS = YES;
				CLANG_WARN_DIRECT_OBJC_ISA_USAGE = YES_ERROR;
				CLANG_WARN_DOCUMENTATION_COMMENTS = YES;
				CLANG_WARN_EMPTY_BODY = YES;
				CLANG_WARN_ENUM_CONVERSION = YES;
				CLANG_WARN_INFINITE_RECURSION = YES;
				CLANG_WARN_INT_CONVERSION = YES;
				CLANG_WARN_NON_LITERAL_NULL_CONVERSION = YES;
				CLANG_WARN_OBJC_IMPLICIT_RETAIN_SELF = YES;
				CLANG_WARN_OBJC_LITERAL_CONVERSION = YES;
				CLANG_WARN_OBJC_ROOT_CLASS = YES_ERROR;
				CLANG_WARN_RANGE_LOOP_ANALYSIS = YES;
				CLANG_WARN_STRICT_PROTOTYPES = YES;
				CLANG_WARN_SUSPICIOUS_MOVE = YES;
				CLANG_WARN_UNGUARDED_AVAILABILITY = YES_AGGRESSIVE;
				CLANG_WARN_UNREACHABLE_CODE = YES;
				CLANG_WARN__DUPLICATE_METHOD_MATCH = YES;
				CODE_SIGN_IDENTITY = "iPhone Developer";
				COPY_PHASE_STRIP = NO;
				DEBUG_INFORMATION_FORMAT = dwarf;
				ENABLE_STRICT_OBJC_MSGSEND = YES;
				ENABLE_TESTABILITY = YES;
				GCC_C_LANGUAGE_STANDARD = gnu11;
				GCC_DYNAMIC_NO_PIC = NO;
				GCC_NO_COMMON_BLOCKS = YES;
				GCC_OPTIMIZATION_LEVEL = 0;
				GCC_PREPROCESSOR_DEFINITIONS = (
					"DEBUG=1",
					"$(inherited)",
				);
				GCC_WARN_64_TO_32_BIT_CONVERSION = YES;
				GCC_WARN_ABOUT_RETURN_TYPE = YES_ERROR;
				GCC_WARN_UNDECLARED_SELECTOR = YES;
				GCC_WARN_UNINITIALIZED_AUTOS = YES_AGGRESSIVE;
				GCC_WARN_UNUSED_FUNCTION = YES;
				GCC_WARN_UNUSED_VARIABLE = YES;
				IPHONEOS_DEPLOYMENT_TARGET = 11.3;
				MTL_ENABLE_DEBUG_INFO = YES;
				ONLY_ACTIVE_ARCH = YES;
				SDKROOT = iphoneos;
				SWIFT_ACTIVE_COMPILATION_CONDITIONS = DEBUG;
				SWIFT_OPTIMIZATION_LEVEL = "-Onone";
			};
			name = Debug;
		};
		8091604E209B7BC700784A25 /* Release */ = {
			isa = XCBuildConfiguration;
			buildSettings = {
				ALWAYS_SEARCH_USER_PATHS = NO;
				CLANG_ANALYZER_NONNULL = YES;
				CLANG_ANALYZER_NUMBER_OBJECT_CONVERSION = YES_AGGRESSIVE;
				CLANG_CXX_LANGUAGE_STANDARD = "gnu++14";
				CLANG_CXX_LIBRARY = "libc++";
				CLANG_ENABLE_MODULES = YES;
				CLANG_ENABLE_OBJC_ARC = YES;
				CLANG_ENABLE_OBJC_WEAK = YES;
				CLANG_WARN_BLOCK_CAPTURE_AUTORELEASING = YES;
				CLANG_WARN_BOOL_CONVERSION = YES;
				CLANG_WARN_COMMA = YES;
				CLANG_WARN_CONSTANT_CONVERSION = YES;
				CLANG_WARN_DEPRECATED_OBJC_IMPLEMENTATIONS = YES;
				CLANG_WARN_DIRECT_OBJC_ISA_USAGE = YES_ERROR;
				CLANG_WARN_DOCUMENTATION_COMMENTS = YES;
				CLANG_WARN_EMPTY_BODY = YES;
				CLANG_WARN_ENUM_CONVERSION = YES;
				CLANG_WARN_INFINITE_RECURSION = YES;
				CLANG_WARN_INT_CONVERSION = YES;
				CLANG_WARN_NON_LITERAL_NULL_CONVERSION = YES;
				CLANG_WARN_OBJC_IMPLICIT_RETAIN_SELF = YES;
				CLANG_WARN_OBJC_LITERAL_CONVERSION = YES;
				CLANG_WARN_OBJC_ROOT_CLASS = YES_ERROR;
				CLANG_WARN_RANGE_LOOP_ANALYSIS = YES;
				CLANG_WARN_STRICT_PROTOTYPES = YES;
				CLANG_WARN_SUSPICIOUS_MOVE = YES;
				CLANG_WARN_UNGUARDED_AVAILABILITY = YES_AGGRESSIVE;
				CLANG_WARN_UNREACHABLE_CODE = YES;
				CLANG_WARN__DUPLICATE_METHOD_MATCH = YES;
				CODE_SIGN_IDENTITY = "iPhone Developer";
				COPY_PHASE_STRIP = NO;
				DEBUG_INFORMATION_FORMAT = "dwarf-with-dsym";
				ENABLE_NS_ASSERTIONS = NO;
				ENABLE_STRICT_OBJC_MSGSEND = YES;
				GCC_C_LANGUAGE_STANDARD = gnu11;
				GCC_NO_COMMON_BLOCKS = YES;
				GCC_WARN_64_TO_32_BIT_CONVERSION = YES;
				GCC_WARN_ABOUT_RETURN_TYPE = YES_ERROR;
				GCC_WARN_UNDECLARED_SELECTOR = YES;
				GCC_WARN_UNINITIALIZED_AUTOS = YES_AGGRESSIVE;
				GCC_WARN_UNUSED_FUNCTION = YES;
				GCC_WARN_UNUSED_VARIABLE = YES;
				IPHONEOS_DEPLOYMENT_TARGET = 11.3;
				MTL_ENABLE_DEBUG_INFO = NO;
				SDKROOT = iphoneos;
				SWIFT_COMPILATION_MODE = wholemodule;
				SWIFT_OPTIMIZATION_LEVEL = "-O";
				VALIDATE_PRODUCT = YES;
			};
			name = Release;
		};
		80916050209B7BC700784A25 /* Debug */ = {
			isa = XCBuildConfiguration;
			buildSettings = {
				ASSETCATALOG_COMPILER_APPICON_NAME = AppIcon;
				CODE_SIGN_STYLE = Automatic;
				DEVELOPMENT_TEAM = MF64BFPQVA;
				INFOPLIST_FILE = "Cell Gen/Info.plist";
				IPHONEOS_DEPLOYMENT_TARGET = 11.0;
				LD_RUNPATH_SEARCH_PATHS = (
					"$(inherited)",
					"@executable_path/Frameworks",
				);
				PRODUCT_BUNDLE_IDENTIFIER = "com.Cell-Gen";
				PRODUCT_NAME = "$(TARGET_NAME)";
				SWIFT_VERSION = 4.0;
				TARGETED_DEVICE_FAMILY = 1;
			};
			name = Debug;
		};
		80916051209B7BC700784A25 /* Release */ = {
			isa = XCBuildConfiguration;
			buildSettings = {
				ASSETCATALOG_COMPILER_APPICON_NAME = AppIcon;
				CODE_SIGN_STYLE = Automatic;
				DEVELOPMENT_TEAM = MF64BFPQVA;
				INFOPLIST_FILE = "Cell Gen/Info.plist";
				IPHONEOS_DEPLOYMENT_TARGET = 11.0;
				LD_RUNPATH_SEARCH_PATHS = (
					"$(inherited)",
					"@executable_path/Frameworks",
				);
				PRODUCT_BUNDLE_IDENTIFIER = "com.Cell-Gen";
				PRODUCT_NAME = "$(TARGET_NAME)";
				SWIFT_VERSION = 4.0;
				TARGETED_DEVICE_FAMILY = 1;
			};
			name = Release;
		};
/* End XCBuildConfiguration section */

/* Begin XCConfigurationList section */
		80916032209B7BC600784A25 /* Build configuration list for PBXProject "Cell Gen" */ = {
			isa = XCConfigurationList;
			buildConfigurations = (
				8091604D209B7BC700784A25 /* Debug */,
				8091604E209B7BC700784A25 /* Release */,
			);
			defaultConfigurationIsVisible = 0;
			defaultConfigurationName = Release;
		};
		8091604F209B7BC700784A25 /* Build configuration list for PBXNativeTarget "Cell Gen" */ = {
			isa = XCConfigurationList;
			buildConfigurations = (
				80916050209B7BC700784A25 /* Debug */,
				80916051209B7BC700784A25 /* Release */,
			);
			defaultConfigurationIsVisible = 0;
			defaultConfigurationName = Release;
		};
/* End XCConfigurationList section */
	};
	rootObject = 8091602F209B7BC600784A25 /* Project object */;
}
